
Microsoft Visual Studio Solution File, Format Version 12.00
# Visual Studio 15
VisualStudioVersion = 15.0.27703.2000
MinimumVisualStudioVersion = 10.0.40219.1
Project("{FAE04EC0-301F-11D3-BF4B-00C04F79EFBC}") = "Minutess.Android", "Minutess\Minutess.Android\Minutess.Android.csproj", "{19E0F095-9BD0-4847-836A-1122118FE283}"
EndProject
Project("{FAE04EC0-301F-11D3-BF4B-00C04F79EFBC}") = "Minutess.iOS", "Minutess\Minutess.iOS\Minutess.iOS.csproj", "{E3E607D9-7EB5-434E-B13F-6E91EDC4AD95}"
EndProject
Project("{FAE04EC0-301F-11D3-BF4B-00C04F79EFBC}") = "Minutess", "Minutess\Minutess\Minutess.csproj", "{0D6B1BC9-253E-43F3-B67F-4FE9E2CD701A}"
EndProject
Global
	GlobalSection(SolutionConfigurationPlatforms) = preSolution
		Ad-Hoc|Any CPU = Ad-Hoc|Any CPU
		Ad-Hoc|iPhone = Ad-Hoc|iPhone
		Ad-Hoc|iPhoneSimulator = Ad-Hoc|iPhoneSimulator
		AppStore|Any CPU = AppStore|Any CPU
		AppStore|iPhone = AppStore|iPhone
		AppStore|iPhoneSimulator = AppStore|iPhoneSimulator
		Debug|Any CPU = Debug|Any CPU
		Debug|iPhone = Debug|iPhone
		Debug|iPhoneSimulator = Debug|iPhoneSimulator
		Release|Any CPU = Release|Any CPU
		Release|iPhone = Release|iPhone
		Release|iPhoneSimulator = Release|iPhoneSimulator
	EndGlobalSection
	GlobalSection(ProjectConfigurationPlatforms) = postSolution
		{19E0F095-9BD0-4847-836A-1122118FE283}.Ad-Hoc|Any CPU.ActiveCfg = Release|Any CPU
		{19E0F095-9BD0-4847-836A-1122118FE283}.Ad-Hoc|Any CPU.Build.0 = Release|Any CPU
		{19E0F095-9BD0-4847-836A-1122118FE283}.Ad-Hoc|Any CPU.Deploy.0 = Release|Any CPU
		{19E0F095-9BD0-4847-836A-1122118FE283}.Ad-Hoc|iPhone.ActiveCfg = Release|Any CPU
		{19E0F095-9BD0-4847-836A-1122118FE283}.Ad-Hoc|iPhone.Build.0 = Release|Any CPU
		{19E0F095-9BD0-4847-836A-1122118FE283}.Ad-Hoc|iPhone.Deploy.0 = Release|Any CPU
		{19E0F095-9BD0-4847-836A-1122118FE283}.Ad-Hoc|iPhoneSimulator.ActiveCfg = Release|Any CPU
		{19E0F095-9BD0-4847-836A-1122118FE283}.Ad-Hoc|iPhoneSimulator.Build.0 = Release|Any CPU
		{19E0F095-9BD0-4847-836A-1122118FE283}.Ad-Hoc|iPhoneSimulator.Deploy.0 = Release|Any CPU
		{19E0F095-9BD0-4847-836A-1122118FE283}.AppStore|Any CPU.ActiveCfg = Release|Any CPU
		{19E0F095-9BD0-4847-836A-1122118FE283}.AppStore|Any CPU.Build.0 = Release|Any CPU
		{19E0F095-9BD0-4847-836A-1122118FE283}.AppStore|Any CPU.Deploy.0 = Release|Any CPU
		{19E0F095-9BD0-4847-836A-1122118FE283}.AppStore|iPhone.ActiveCfg = Release|Any CPU
		{19E0F095-9BD0-4847-836A-1122118FE283}.AppStore|iPhone.Build.0 = Release|Any CPU
		{19E0F095-9BD0-4847-836A-1122118FE283}.AppStore|iPhone.Deploy.0 = Release|Any CPU
		{19E0F095-9BD0-4847-836A-1122118FE283}.AppStore|iPhoneSimulator.ActiveCfg = Release|Any CPU
		{19E0F095-9BD0-4847-836A-1122118FE283}.AppStore|iPhoneSimulator.Build.0 = Release|Any CPU
		{19E0F095-9BD0-4847-836A-1122118FE283}.AppStore|iPhoneSimulator.Deploy.0 = Release|Any CPU
		{19E0F095-9BD0-4847-836A-1122118FE283}.Debug|Any CPU.ActiveCfg = Debug|Any CPU
		{19E0F095-9BD0-4847-836A-1122118FE283}.Debug|Any CPU.Build.0 = Debug|Any CPU
		{19E0F095-9BD0-4847-836A-1122118FE283}.Debug|Any CPU.Deploy.0 = Debug|Any CPU
		{19E0F095-9BD0-4847-836A-1122118FE283}.Debug|iPhone.ActiveCfg = Debug|Any CPU
		{19E0F095-9BD0-4847-836A-1122118FE283}.Debug|iPhone.Build.0 = Debug|Any CPU
		{19E0F095-9BD0-4847-836A-1122118FE283}.Debug|iPhone.Deploy.0 = Debug|Any CPU
		{19E0F095-9BD0-4847-836A-1122118FE283}.Debug|iPhoneSimulator.ActiveCfg = Debug|Any CPU
		{19E0F095-9BD0-4847-836A-1122118FE283}.Debug|iPhoneSimulator.Build.0 = Debug|Any CPU
		{19E0F095-9BD0-4847-836A-1122118FE283}.Debug|iPhoneSimulator.Deploy.0 = Debug|Any CPU
		{19E0F095-9BD0-4847-836A-1122118FE283}.Release|Any CPU.ActiveCfg = Release|Any CPU
		{19E0F095-9BD0-4847-836A-1122118FE283}.Release|Any CPU.Build.0 = Release|Any CPU
		{19E0F095-9BD0-4847-836A-1122118FE283}.Release|Any CPU.Deploy.0 = Release|Any CPU
		{19E0F095-9BD0-4847-836A-1122118FE283}.Release|iPhone.ActiveCfg = Release|Any CPU
		{19E0F095-9BD0-4847-836A-1122118FE283}.Release|iPhone.Build.0 = Release|Any CPU
		{19E0F095-9BD0-4847-836A-1122118FE283}.Release|iPhone.Deploy.0 = Release|Any CPU
		{19E0F095-9BD0-4847-836A-1122118FE283}.Release|iPhoneSimulator.ActiveCfg = Release|Any CPU
		{19E0F095-9BD0-4847-836A-1122118FE283}.Release|iPhoneSimulator.Build.0 = Release|Any CPU
		{19E0F095-9BD0-4847-836A-1122118FE283}.Release|iPhoneSimulator.Deploy.0 = Release|Any CPU
		{E3E607D9-7EB5-434E-B13F-6E91EDC4AD95}.Ad-Hoc|Any CPU.ActiveCfg = Ad-Hoc|iPhone
		{E3E607D9-7EB5-434E-B13F-6E91EDC4AD95}.Ad-Hoc|Any CPU.Build.0 = Ad-Hoc|iPhone
		{E3E607D9-7EB5-434E-B13F-6E91EDC4AD95}.Ad-Hoc|Any CPU.Deploy.0 = Ad-Hoc|iPhone
		{E3E607D9-7EB5-434E-B13F-6E91EDC4AD95}.Ad-Hoc|iPhone.ActiveCfg = Ad-Hoc|iPhone
		{E3E607D9-7EB5-434E-B13F-6E91EDC4AD95}.Ad-Hoc|iPhone.Build.0 = Ad-Hoc|iPhone
		{E3E607D9-7EB5-434E-B13F-6E91EDC4AD95}.Ad-Hoc|iPhone.Deploy.0 = Ad-Hoc|iPhone
		{E3E607D9-7EB5-434E-B13F-6E91EDC4AD95}.Ad-Hoc|iPhoneSimulator.ActiveCfg = Ad-Hoc|iPhoneSimulator
		{E3E607D9-7EB5-434E-B13F-6E91EDC4AD95}.Ad-Hoc|iPhoneSimulator.Build.0 = Ad-Hoc|iPhoneSimulator
		{E3E607D9-7EB5-434E-B13F-6E91EDC4AD95}.Ad-Hoc|iPhoneSimulator.Deploy.0 = Ad-Hoc|iPhoneSimulator
		{E3E607D9-7EB5-434E-B13F-6E91EDC4AD95}.AppStore|Any CPU.ActiveCfg = AppStore|iPhone
		{E3E607D9-7EB5-434E-B13F-6E91EDC4AD95}.AppStore|Any CPU.Build.0 = AppStore|iPhone
		{E3E607D9-7EB5-434E-B13F-6E91EDC4AD95}.AppStore|Any CPU.Deploy.0 = AppStore|iPhone
		{E3E607D9-7EB5-434E-B13F-6E91EDC4AD95}.AppStore|iPhone.ActiveCfg = AppStore|iPhone
		{E3E607D9-7EB5-434E-B13F-6E91EDC4AD95}.AppStore|iPhone.Build.0 = AppStore|iPhone
		{E3E607D9-7EB5-434E-B13F-6E91EDC4AD95}.AppStore|iPhone.Deploy.0 = AppStore|iPhone
		{E3E607D9-7EB5-434E-B13F-6E91EDC4AD95}.AppStore|iPhoneSimulator.ActiveCfg = AppStore|iPhoneSimulator
		{E3E607D9-7EB5-434E-B13F-6E91EDC4AD95}.AppStore|iPhoneSimulator.Build.0 = AppStore|iPhoneSimulator
		{E3E607D9-7EB5-434E-B13F-6E91EDC4AD95}.AppStore|iPhoneSimulator.Deploy.0 = AppStore|iPhoneSimulator
		{E3E607D9-7EB5-434E-B13F-6E91EDC4AD95}.Debug|Any CPU.ActiveCfg = Debug|iPhoneSimulator
		{E3E607D9-7EB5-434E-B13F-6E91EDC4AD95}.Debug|Any CPU.Build.0 = Debug|iPhoneSimulator
		{E3E607D9-7EB5-434E-B13F-6E91EDC4AD95}.Debug|Any CPU.Deploy.0 = Debug|iPhoneSimulator
		{E3E607D9-7EB5-434E-B13F-6E91EDC4AD95}.Debug|iPhone.ActiveCfg = Debug|iPhone
		{E3E607D9-7EB5-434E-B13F-6E91EDC4AD95}.Debug|iPhone.Build.0 = Debug|iPhone
		{E3E607D9-7EB5-434E-B13F-6E91EDC4AD95}.Debug|iPhone.Deploy.0 = Debug|iPhone
		{E3E607D9-7EB5-434E-B13F-6E91EDC4AD95}.Debug|iPhoneSimulator.ActiveCfg = Debug|iPhoneSimulator
		{E3E607D9-7EB5-434E-B13F-6E91EDC4AD95}.Debug|iPhoneSimulator.Build.0 = Debug|iPhoneSimulator
		{E3E607D9-7EB5-434E-B13F-6E91EDC4AD95}.Debug|iPhoneSimulator.Deploy.0 = Debug|iPhoneSimulator
		{E3E607D9-7EB5-434E-B13F-6E91EDC4AD95}.Release|Any CPU.ActiveCfg = Release|iPhone
		{E3E607D9-7EB5-434E-B13F-6E91EDC4AD95}.Release|Any CPU.Build.0 = Release|iPhone
		{E3E607D9-7EB5-434E-B13F-6E91EDC4AD95}.Release|Any CPU.Deploy.0 = Release|iPhone
		{E3E607D9-7EB5-434E-B13F-6E91EDC4AD95}.Release|iPhone.ActiveCfg = Release|iPhone
		{E3E607D9-7EB5-434E-B13F-6E91EDC4AD95}.Release|iPhone.Build.0 = Release|iPhone
		{E3E607D9-7EB5-434E-B13F-6E91EDC4AD95}.Release|iPhone.Deploy.0 = Release|iPhone
		{E3E607D9-7EB5-434E-B13F-6E91EDC4AD95}.Release|iPhoneSimulator.ActiveCfg = Release|iPhoneSimulator
		{E3E607D9-7EB5-434E-B13F-6E91EDC4AD95}.Release|iPhoneSimulator.Build.0 = Release|iPhoneSimulator
		{E3E607D9-7EB5-434E-B13F-6E91EDC4AD95}.Release|iPhoneSimulator.Deploy.0 = Release|iPhoneSimulator
		{0D6B1BC9-253E-43F3-B67F-4FE9E2CD701A}.Ad-Hoc|Any CPU.ActiveCfg = Debug|Any CPU
		{0D6B1BC9-253E-43F3-B67F-4FE9E2CD701A}.Ad-Hoc|Any CPU.Build.0 = Debug|Any CPU
		{0D6B1BC9-253E-43F3-B67F-4FE9E2CD701A}.Ad-Hoc|Any CPU.Deploy.0 = Debug|Any CPU
		{0D6B1BC9-253E-43F3-B67F-4FE9E2CD701A}.Ad-Hoc|iPhone.ActiveCfg = Debug|Any CPU
		{0D6B1BC9-253E-43F3-B67F-4FE9E2CD701A}.Ad-Hoc|iPhone.Build.0 = Debug|Any CPU
		{0D6B1BC9-253E-43F3-B67F-4FE9E2CD701A}.Ad-Hoc|iPhone.Deploy.0 = Debug|Any CPU
		{0D6B1BC9-253E-43F3-B67F-4FE9E2CD701A}.Ad-Hoc|iPhoneSimulator.ActiveCfg = Debug|Any CPU
		{0D6B1BC9-253E-43F3-B67F-4FE9E2CD701A}.Ad-Hoc|iPhoneSimulator.Build.0 = Debug|Any CPU
		{0D6B1BC9-253E-43F3-B67F-4FE9E2CD701A}.Ad-Hoc|iPhoneSimulator.Deploy.0 = Debug|Any CPU
		{0D6B1BC9-253E-43F3-B67F-4FE9E2CD701A}.AppStore|Any CPU.ActiveCfg = Debug|Any CPU
		{0D6B1BC9-253E-43F3-B67F-4FE9E2CD701A}.AppStore|Any CPU.Build.0 = Debug|Any CPU
		{0D6B1BC9-253E-43F3-B67F-4FE9E2CD701A}.AppStore|Any CPU.Deploy.0 = Debug|Any CPU
		{0D6B1BC9-253E-43F3-B67F-4FE9E2CD701A}.AppStore|iPhone.ActiveCfg = Debug|Any CPU
		{0D6B1BC9-253E-43F3-B67F-4FE9E2CD701A}.AppStore|iPhone.Build.0 = Debug|Any CPU
		{0D6B1BC9-253E-43F3-B67F-4FE9E2CD701A}.AppStore|iPhone.Deploy.0 = Debug|Any CPU
		{0D6B1BC9-253E-43F3-B67F-4FE9E2CD701A}.AppStore|iPhoneSimulator.ActiveCfg = Debug|Any CPU
		{0D6B1BC9-253E-43F3-B67F-4FE9E2CD701A}.AppStore|iPhoneSimulator.Build.0 = Debug|Any CPU
		{0D6B1BC9-253E-43F3-B67F-4FE9E2CD701A}.AppStore|iPhoneSimulator.Deploy.0 = Debug|Any CPU
		{0D6B1BC9-253E-43F3-B67F-4FE9E2CD701A}.Debug|Any CPU.ActiveCfg = Debug|Any CPU
		{0D6B1BC9-253E-43F3-B67F-4FE9E2CD701A}.Debug|Any CPU.Build.0 = Debug|Any CPU
		{0D6B1BC9-253E-43F3-B67F-4FE9E2CD701A}.Debug|Any CPU.Deploy.0 = Debug|Any CPU
		{0D6B1BC9-253E-43F3-B67F-4FE9E2CD701A}.Debug|iPhone.ActiveCfg = Debug|Any CPU
		{0D6B1BC9-253E-43F3-B67F-4FE9E2CD701A}.Debug|iPhone.Build.0 = Debug|Any CPU
		{0D6B1BC9-253E-43F3-B67F-4FE9E2CD701A}.Debug|iPhone.Deploy.0 = Debug|Any CPU
		{0D6B1BC9-253E-43F3-B67F-4FE9E2CD701A}.Debug|iPhoneSimulator.ActiveCfg = Debug|Any CPU
		{0D6B1BC9-253E-43F3-B67F-4FE9E2CD701A}.Debug|iPhoneSimulator.Build.0 = Debug|Any CPU
		{0D6B1BC9-253E-43F3-B67F-4FE9E2CD701A}.Debug|iPhoneSimulator.Deploy.0 = Debug|Any CPU
		{0D6B1BC9-253E-43F3-B67F-4FE9E2CD701A}.Release|Any CPU.ActiveCfg = Release|Any CPU
		{0D6B1BC9-253E-43F3-B67F-4FE9E2CD701A}.Release|Any CPU.Build.0 = Release|Any CPU
		{0D6B1BC9-253E-43F3-B67F-4FE9E2CD701A}.Release|Any CPU.Deploy.0 = Release|Any CPU
		{0D6B1BC9-253E-43F3-B67F-4FE9E2CD701A}.Release|iPhone.ActiveCfg = Release|Any CPU
		{0D6B1BC9-253E-43F3-B67F-4FE9E2CD701A}.Release|iPhone.Build.0 = Release|Any CPU
		{0D6B1BC9-253E-43F3-B67F-4FE9E2CD701A}.Release|iPhone.Deploy.0 = Release|Any CPU
		{0D6B1BC9-253E-43F3-B67F-4FE9E2CD701A}.Release|iPhoneSimulator.ActiveCfg = Release|Any CPU
		{0D6B1BC9-253E-43F3-B67F-4FE9E2CD701A}.Release|iPhoneSimulator.Build.0 = Release|Any CPU
		{0D6B1BC9-253E-43F3-B67F-4FE9E2CD701A}.Release|iPhoneSimulator.Deploy.0 = Release|Any CPU
	EndGlobalSection
	GlobalSection(SolutionProperties) = preSolution
		HideSolutionNode = FALSE
	EndGlobalSection
	GlobalSection(ExtensibilityGlobals) = postSolution
		SolutionGuid = {DD3AAD8C-5760-4182-BDBA-B2554C36BA27}
	EndGlobalSection
EndGlobal
